# THIS IS AN AUTOGENERATED FILE. DO NOT EDIT THIS FILE DIRECTLY.
# yarn lockfile v1


"@next/env@12.1.5":
  version "12.1.5"
  resolved "https://registry.yarnpkg.com/@next/env/-/env-12.1.5.tgz#a21ba6708022d630402ca2b340316e69a0296dfc"
  integrity sha512-+34yUJslfJi7Lyx6ELuN8nWcOzi27izfYnZIC1Dqv7kmmfiBVxgzR3BXhlvEMTKC2IRJhXVs2FkMY+buQe3k7Q==

"@next/swc-android-arm-eabi@12.1.5":
  version "12.1.5"
  resolved "https://registry.yarnpkg.com/@next/swc-android-arm-eabi/-/swc-android-arm-eabi-12.1.5.tgz#36729ab3dfd7743e82cfe536b43254dcb146620c"
  integrity sha512-SKnGTdYcoN04Y2DvE0/Y7/MjkA+ltsmbuH/y/hR7Ob7tsj+8ZdOYuk+YvW1B8dY20nDPHP58XgDTSm2nA8BzzA==

"@next/swc-android-arm64@12.1.5":
  version "12.1.5"
  resolved "https://registry.yarnpkg.com/@next/swc-android-arm64/-/swc-android-arm64-12.1.5.tgz#52578f552305c92d0b9b81d603c9643fb71e0835"
  integrity sha512-YXiqgQ/9Rxg1dXp6brXbeQM1JDx9SwUY/36JiE+36FXqYEmDYbxld9qkX6GEzkc5rbwJ+RCitargnzEtwGW0mw==

"@next/swc-darwin-arm64@12.1.5":
  version "12.1.5"
  resolved "https://registry.yarnpkg.com/@next/swc-darwin-arm64/-/swc-darwin-arm64-12.1.5.tgz#3d5b53211484c72074f4975ba0ec2b1107db300e"
  integrity sha512-y8mhldb/WFZ6lFeowkGfi0cO/lBdiBqDk4T4LZLvCpoQp4Or/NzUN6P5NzBQZ5/b4oUHM/wQICEM+1wKA4qIVw==

"@next/swc-darwin-x64@12.1.5":
  version "12.1.5"
  resolved "https://registry.yarnpkg.com/@next/swc-darwin-x64/-/swc-darwin-x64-12.1.5.tgz#adcabb732d226453777c0d37d58eaff9328b66fd"
  integrity sha512-wqJ3X7WQdTwSGi0kIDEmzw34QHISRIQ5uvC+VXmsIlCPFcMA+zM5723uh8NfuKGquDMiEMS31a83QgkuHMYbwQ==

"@next/swc-linux-arm-gnueabihf@12.1.5":
  version "12.1.5"
  resolved "https://registry.yarnpkg.com/@next/swc-linux-arm-gnueabihf/-/swc-linux-arm-gnueabihf-12.1.5.tgz#82a7cde67482b756bc65fbebf1dfa8a782074e93"
  integrity sha512-WnhdM5duONMvt2CncAl+9pim0wBxDS2lHoo7ub/o/i1bRbs11UTzosKzEXVaTDCUkCX2c32lIDi1WcN2ZPkcdw==

"@next/swc-linux-arm64-gnu@12.1.5":
  version "12.1.5"
  resolved "https://registry.yarnpkg.com/@next/swc-linux-arm64-gnu/-/swc-linux-arm64-gnu-12.1.5.tgz#f82ca014504950aab751e81f467492e9be0bad5d"
  integrity sha512-Jq2H68yQ4bLUhR/XQnbw3LDW0GMQn355qx6rU36BthDLeGue7YV7MqNPa8GKvrpPocEMW77nWx/1yI6w6J07gw==

"@next/swc-linux-arm64-musl@12.1.5":
  version "12.1.5"
  resolved "https://registry.yarnpkg.com/@next/swc-linux-arm64-musl/-/swc-linux-arm64-musl-12.1.5.tgz#f811ec9f4b12a978426c284c95ab2f515ddf7f9e"
  integrity sha512-KgPjwdbhDqXI7ghNN8V/WAiLquc9Ebe8KBrNNEL0NQr+yd9CyKJ6KqjayVkmX+hbHzbyvbui/5wh/p3CZQ9xcQ==

"@next/swc-linux-x64-gnu@12.1.5":
  version "12.1.5"
  resolved "https://registry.yarnpkg.com/@next/swc-linux-x64-gnu/-/swc-linux-x64-gnu-12.1.5.tgz#d44857257e6d20dc841998951d584ab1f25772c3"
  integrity sha512-O2ErUTvCJ6DkNTSr9pbu1n3tcqykqE/ebty1rwClzIYdOgpB3T2MfEPP+K7GhUR87wmN/hlihO9ch7qpVFDGKw==

"@next/swc-linux-x64-musl@12.1.5":
  version "12.1.5"
  resolved "https://registry.yarnpkg.com/@next/swc-linux-x64-musl/-/swc-linux-x64-musl-12.1.5.tgz#3cc523abadc9a2a6de680593aff06e71cc29ecef"
  integrity sha512-1eIlZmlO/VRjxxzUBcVosf54AFU3ltAzHi+BJA+9U/lPxCYIsT+R4uO3QksRzRjKWhVQMRjEnlXyyq5SKJm7BA==

"@next/swc-win32-arm64-msvc@12.1.5":
  version "12.1.5"
  resolved "https://registry.yarnpkg.com/@next/swc-win32-arm64-msvc/-/swc-win32-arm64-msvc-12.1.5.tgz#c62232d869f1f9b22e8f24e4e7f05307c20f30ca"
  integrity sha512-oromsfokbEuVb0CBLLE7R9qX3KGXucZpsojLpzUh1QJjuy1QkrPJncwr8xmWQnwgtQ6ecMWXgXPB+qtvizT9Tw==

"@next/swc-win32-ia32-msvc@12.1.5":
  version "12.1.5"
  resolved "https://registry.yarnpkg.com/@next/swc-win32-ia32-msvc/-/swc-win32-ia32-msvc-12.1.5.tgz#2bd9b28a9ba730d12a493e7d9d18e150fe89d496"
  integrity sha512-a/51L5KzBpeZSW9LbekMo3I3Cwul+V+QKwbEIMA+Qwb2qrlcn1L9h3lt8cHqNTFt2y72ce6aTwDTw1lyi5oIRA==

"@next/swc-win32-x64-msvc@12.1.5":
  version "12.1.5"
  resolved "https://registry.yarnpkg.com/@next/swc-win32-x64-msvc/-/swc-win32-x64-msvc-12.1.5.tgz#02f377e4d41eaaacf265e34bab9bacd8efc4a351"
  integrity sha512-/SoXW1Ntpmpw3AXAzfDRaQidnd8kbZ2oSni8u5z0yw6t4RwJvmdZy1eOaAADRThWKV+2oU90++LSnXJIwBRWYQ==

"@nodelib/fs.scandir@2.1.5":
  version "2.1.5"
  resolved "https://ab-inbev.pkgs.visualstudio.com/GHQ_B2B_Delta/_packaging/nfa-services/npm/registry/@nodelib/fs.scandir/-/fs.scandir-2.1.5.tgz#7619c2eb21b25483f6d167548b4cfd5a7488c3d5"
  integrity sha1-dhnC6yGyVIP20WdUi0z9WnSIw9U=
  dependencies:
    "@nodelib/fs.stat" "2.0.5"
    run-parallel "^1.1.9"

"@nodelib/fs.stat@2.0.5", "@nodelib/fs.stat@^2.0.2":
  version "2.0.5"
  resolved "https://ab-inbev.pkgs.visualstudio.com/GHQ_B2B_Delta/_packaging/nfa-services/npm/registry/@nodelib/fs.stat/-/fs.stat-2.0.5.tgz#5bd262af94e9d25bd1e71b05deed44876a222e8b"
  integrity sha1-W9Jir5Tp0lvR5xsF3u1Eh2oiLos=

"@nodelib/fs.walk@^1.2.3":
  version "1.2.8"
  resolved "https://ab-inbev.pkgs.visualstudio.com/GHQ_B2B_Delta/_packaging/nfa-services/npm/registry/@nodelib/fs.walk/-/fs.walk-1.2.8.tgz#e95737e8bb6746ddedf69c556953494f196fe69a"
  integrity sha1-6Vc36LtnRt3t9pxVaVNJTxlv5po=
  dependencies:
    "@nodelib/fs.scandir" "2.1.5"
    fastq "^1.6.0"

"@types/node@^17.0.29":
  version "17.0.29"
  resolved "https://ab-inbev.pkgs.visualstudio.com/GHQ_B2B_Delta/_packaging/nfa-services/npm/registry/@types/node/-/node-17.0.29.tgz#7f2e1159231d4a077bb660edab0fde373e375a3d"
  integrity sha1-fy4RWSMdSgd7tmDtqw/eNz43Wj0=

"@types/prop-types@*":
  version "15.7.5"
  resolved "https://ab-inbev.pkgs.visualstudio.com/GHQ_B2B_Delta/_packaging/nfa-services/npm/registry/@types/prop-types/-/prop-types-15.7.5.tgz#5f19d2b85a98e9558036f6a3cacc8819420f05cf"
  integrity sha1-XxnSuFqY6VWANvajysyIGUIPBc8=

"@types/react@^18.0.8":
  version "18.0.8"
  resolved "https://ab-inbev.pkgs.visualstudio.com/GHQ_B2B_Delta/_packaging/nfa-services/npm/registry/@types/react/-/react-18.0.8.tgz#a051eb380a9fbcaa404550543c58e1cf5ce4ab87"
  integrity sha1-oFHrOAqfvKpARVBUPFjhz1zkq4c=
  dependencies:
    "@types/prop-types" "*"
    "@types/scheduler" "*"
    csstype "^3.0.2"

"@types/scheduler@*":
  version "0.16.2"
  resolved "https://ab-inbev.pkgs.visualstudio.com/GHQ_B2B_Delta/_packaging/nfa-services/npm/registry/@types/scheduler/-/scheduler-0.16.2.tgz#1a62f89525723dde24ba1b01b092bf5df8ad4d39"
  integrity sha1-GmL4lSVyPd4kuhsBsJK/XfitTTk=

acorn-node@^1.6.1:
  version "1.8.2"
  resolved "https://ab-inbev.pkgs.visualstudio.com/GHQ_B2B_Delta/_packaging/nfa-services/npm/registry/acorn-node/-/acorn-node-1.8.2.tgz#114c95d64539e53dede23de8b9d96df7c7ae2af8"
  integrity sha1-EUyV1kU55T3t4j3oudlt98euKvg=
  dependencies:
    acorn "^7.0.0"
    acorn-walk "^7.0.0"
    xtend "^4.0.2"

acorn-walk@^7.0.0:
  version "7.2.0"
  resolved "https://ab-inbev.pkgs.visualstudio.com/GHQ_B2B_Delta/_packaging/nfa-services/npm/registry/acorn-walk/-/acorn-walk-7.2.0.tgz#0de889a601203909b0fbe07b8938dc21d2e967bc"
  integrity sha1-DeiJpgEgOQmw++B7iTjcIdLpZ7w=

acorn@^7.0.0:
  version "7.4.1"
  resolved "https://ab-inbev.pkgs.visualstudio.com/GHQ_B2B_Delta/_packaging/nfa-services/npm/registry/acorn/-/acorn-7.4.1.tgz#feaed255973d2e77555b83dbc08851a6c63520fa"
  integrity sha1-/q7SVZc9LndVW4PbwIhRpsY1IPo=

anymatch@~3.1.2:
  version "3.1.2"
  resolved "https://ab-inbev.pkgs.visualstudio.com/GHQ_B2B_Delta/_packaging/nfa-services/npm/registry/anymatch/-/anymatch-3.1.2.tgz#c0557c096af32f106198f4f4e2a383537e378716"
  integrity sha1-wFV8CWrzLxBhmPT04qODU343hxY=
  dependencies:
    normalize-path "^3.0.0"
    picomatch "^2.0.4"

arg@^5.0.1:
  version "5.0.1"
  resolved "https://ab-inbev.pkgs.visualstudio.com/GHQ_B2B_Delta/_packaging/nfa-services/npm/registry/arg/-/arg-5.0.1.tgz#eb0c9a8f77786cad2af8ff2b862899842d7b6adb"
  integrity sha1-6wyaj3d4bK0q+P8rhiiZhC17ats=

autoprefixer@^10.4.5:
  version "10.4.5"
  resolved "https://ab-inbev.pkgs.visualstudio.com/GHQ_B2B_Delta/_packaging/nfa-services/npm/registry/autoprefixer/-/autoprefixer-10.4.5.tgz#662193c744094b53d3637f39be477e07bd904998"
  integrity sha1-ZiGTx0QJS1PTY385vkd+B72QSZg=
  dependencies:
    browserslist "^4.20.2"
    caniuse-lite "^1.0.30001332"
    fraction.js "^4.2.0"
    normalize-range "^0.1.2"
    picocolors "^1.0.0"
    postcss-value-parser "^4.2.0"

binary-extensions@^2.0.0:
  version "2.2.0"
  resolved "https://ab-inbev.pkgs.visualstudio.com/GHQ_B2B_Delta/_packaging/nfa-services/npm/registry/binary-extensions/-/binary-extensions-2.2.0.tgz#75f502eeaf9ffde42fc98829645be4ea76bd9e2d"
  integrity sha1-dfUC7q+f/eQvyYgpZFvk6na9ni0=

braces@^3.0.2, braces@~3.0.2:
  version "3.0.2"
  resolved "https://ab-inbev.pkgs.visualstudio.com/GHQ_B2B_Delta/_packaging/nfa-services/npm/registry/braces/-/braces-3.0.2.tgz#3454e1a462ee8d599e236df336cd9ea4f8afe107"
  integrity sha1-NFThpGLujVmeI23zNs2epPiv4Qc=
  dependencies:
    fill-range "^7.0.1"

browserslist@^4.20.2:
  version "4.20.3"
  resolved "https://ab-inbev.pkgs.visualstudio.com/GHQ_B2B_Delta/_packaging/nfa-services/npm/registry/browserslist/-/browserslist-4.20.3.tgz#eb7572f49ec430e054f56d52ff0ebe9be915f8bf"
  integrity sha1-63Vy9J7EMOBU9W1S/w6+m+kV+L8=
  dependencies:
    caniuse-lite "^1.0.30001332"
    electron-to-chromium "^1.4.118"
    escalade "^3.1.1"
    node-releases "^2.0.3"
    picocolors "^1.0.0"

camelcase-css@^2.0.1:
  version "2.0.1"
  resolved "https://ab-inbev.pkgs.visualstudio.com/GHQ_B2B_Delta/_packaging/nfa-services/npm/registry/camelcase-css/-/camelcase-css-2.0.1.tgz#ee978f6947914cc30c6b44741b6ed1df7f043fd5"
  integrity sha1-7pePaUeRTMMMa0R0G27R338EP9U=

caniuse-lite@^1.0.30001283, caniuse-lite@^1.0.30001332:
  version "1.0.30001334"
  resolved "https://registry.yarnpkg.com/caniuse-lite/-/caniuse-lite-1.0.30001334.tgz#892e9965b35285033fc2b8a8eff499fe02f13d8b"
  integrity sha512-kbaCEBRRVSoeNs74sCuq92MJyGrMtjWVfhltoHUCW4t4pXFvGjUBrfo47weBRViHkiV3eBYyIsfl956NtHGazw==

chokidar@^3.5.3:
  version "3.5.3"
  resolved "https://ab-inbev.pkgs.visualstudio.com/GHQ_B2B_Delta/_packaging/nfa-services/npm/registry/chokidar/-/chokidar-3.5.3.tgz#1cf37c8707b932bd1af1ae22c0432e2acd1903bd"
  integrity sha1-HPN8hwe5Mr0a8a4iwEMuKs0ZA70=
  dependencies:
    anymatch "~3.1.2"
    braces "~3.0.2"
    glob-parent "~5.1.2"
    is-binary-path "~2.1.0"
    is-glob "~4.0.1"
    normalize-path "~3.0.0"
    readdirp "~3.6.0"
  optionalDependencies:
    fsevents "~2.3.2"

color-convert@^2.0.1:
  version "2.0.1"
  resolved "https://ab-inbev.pkgs.visualstudio.com/GHQ_B2B_Delta/_packaging/nfa-services/npm/registry/color-convert/-/color-convert-2.0.1.tgz#72d3a68d598c9bdb3af2ad1e84f21d896abd4de3"
  integrity sha1-ctOmjVmMm9s68q0ehPIdiWq9TeM=
  dependencies:
    color-name "~1.1.4"

color-name@^1.0.0, color-name@^1.1.4, color-name@~1.1.4:
  version "1.1.4"
  resolved "https://ab-inbev.pkgs.visualstudio.com/GHQ_B2B_Delta/_packaging/nfa-services/npm/registry/color-name/-/color-name-1.1.4.tgz#c2a09a87acbde69543de6f63fa3995c826c536a2"
  integrity sha1-wqCah6y95pVD3m9j+jmVyCbFNqI=

color-string@^1.9.0:
  version "1.9.1"
  resolved "https://ab-inbev.pkgs.visualstudio.com/GHQ_B2B_Delta/_packaging/nfa-services/npm/registry/color-string/-/color-string-1.9.1.tgz#4467f9146f036f855b764dfb5bf8582bf342c7a4"
  integrity sha1-RGf5FG8Db4Vbdk37W/hYK/NCx6Q=
  dependencies:
    color-name "^1.0.0"
    simple-swizzle "^0.2.2"

color@^4.2:
  version "4.2.3"
  resolved "https://ab-inbev.pkgs.visualstudio.com/GHQ_B2B_Delta/_packaging/nfa-services/npm/registry/color/-/color-4.2.3.tgz#d781ecb5e57224ee43ea9627560107c0e0c6463a"
  integrity sha1-14HsteVyJO5D6pYnVgEHwODGRjo=
  dependencies:
    color-convert "^2.0.1"
    color-string "^1.9.0"

css-selector-tokenizer@^0.8.0:
  version "0.8.0"
  resolved "https://ab-inbev.pkgs.visualstudio.com/GHQ_B2B_Delta/_packaging/nfa-services/npm/registry/css-selector-tokenizer/-/css-selector-tokenizer-0.8.0.tgz#88267ef6238e64f2215ea2764b3e2cf498b845dd"
  integrity sha1-iCZ+9iOOZPIhXqJ2Sz4s9Ji4Rd0=
  dependencies:
    cssesc "^3.0.0"
    fastparse "^1.1.2"

cssesc@^3.0.0:
  version "3.0.0"
  resolved "https://ab-inbev.pkgs.visualstudio.com/GHQ_B2B_Delta/_packaging/nfa-services/npm/registry/cssesc/-/cssesc-3.0.0.tgz#37741919903b868565e1c09ea747445cd18983ee"
  integrity sha1-N3QZGZA7hoVl4cCep0dEXNGJg+4=

csstype@^3.0.2:
  version "3.0.11"
  resolved "https://ab-inbev.pkgs.visualstudio.com/GHQ_B2B_Delta/_packaging/nfa-services/npm/registry/csstype/-/csstype-3.0.11.tgz#d66700c5eacfac1940deb4e3ee5642792d85cd33"
  integrity sha1-1mcAxerPrBlA3rTj7lZCeS2FzTM=

daisyui@^2.14.2:
  version "2.14.2"
  resolved "https://ab-inbev.pkgs.visualstudio.com/GHQ_B2B_Delta/_packaging/nfa-services/npm/registry/daisyui/-/daisyui-2.14.2.tgz#be36e1c9687b985288b15246029ee2c3d4f48425"
  integrity sha1-vjbhyWh7mFKIsVJGAp7iw9T0hCU=
  dependencies:
    color "^4.2"
    css-selector-tokenizer "^0.8.0"
    postcss-js "^4.0.0"
    tailwindcss "^3.0"

defined@^1.0.0:
  version "1.0.0"
  resolved "https://ab-inbev.pkgs.visualstudio.com/GHQ_B2B_Delta/_packaging/nfa-services/npm/registry/defined/-/defined-1.0.0.tgz#c98d9bcef75674188e110969151199e39b1fa693"
  integrity sha1-yY2bzvdWdBiOEQlpFRGZ45sfppM=

detective@^5.2.0:
  version "5.2.0"
  resolved "https://ab-inbev.pkgs.visualstudio.com/GHQ_B2B_Delta/_packaging/nfa-services/npm/registry/detective/-/detective-5.2.0.tgz#feb2a77e85b904ecdea459ad897cc90a99bd2a7b"
  integrity sha1-/rKnfoW5BOzepFmtiXzJCpm9Kns=
  dependencies:
    acorn-node "^1.6.1"
    defined "^1.0.0"
    minimist "^1.1.1"

didyoumean@^1.2.2:
  version "1.2.2"
  resolved "https://ab-inbev.pkgs.visualstudio.com/GHQ_B2B_Delta/_packaging/nfa-services/npm/registry/didyoumean/-/didyoumean-1.2.2.tgz#989346ffe9e839b4555ecf5666edea0d3e8ad037"
  integrity sha1-mJNG/+noObRVXs9WZu3qDT6K0Dc=

dlv@^1.1.3:
  version "1.1.3"
  resolved "https://ab-inbev.pkgs.visualstudio.com/GHQ_B2B_Delta/_packaging/nfa-services/npm/registry/dlv/-/dlv-1.1.3.tgz#5c198a8a11453596e751494d49874bc7732f2e79"
  integrity sha1-XBmKihFFNZbnUUlNSYdLx3MvLnk=

electron-to-chromium@^1.4.118:
  version "1.4.124"
  resolved "https://ab-inbev.pkgs.visualstudio.com/GHQ_B2B_Delta/_packaging/nfa-services/npm/registry/electron-to-chromium/-/electron-to-chromium-1.4.124.tgz#e9015e234d8632920dcdf5480351da9e845ed220"
  integrity sha1-6QFeI02GMpINzfVIA1HanoRe0iA=

escalade@^3.1.1:
  version "3.1.1"
  resolved "https://ab-inbev.pkgs.visualstudio.com/GHQ_B2B_Delta/_packaging/nfa-services/npm/registry/escalade/-/escalade-3.1.1.tgz#d8cfdc7000965c5a0174b4a82eaa5c0552742e40"
  integrity sha1-2M/ccACWXFoBdLSoLqpcBVJ0LkA=

fast-glob@^3.2.11:
  version "3.2.11"
  resolved "https://ab-inbev.pkgs.visualstudio.com/GHQ_B2B_Delta/_packaging/nfa-services/npm/registry/fast-glob/-/fast-glob-3.2.11.tgz#a1172ad95ceb8a16e20caa5c5e56480e5129c1d9"
  integrity sha1-oRcq2VzrihbiDKpcXlZIDlEpwdk=
  dependencies:
    "@nodelib/fs.stat" "^2.0.2"
    "@nodelib/fs.walk" "^1.2.3"
    glob-parent "^5.1.2"
    merge2 "^1.3.0"
    micromatch "^4.0.4"

fastparse@^1.1.2:
  version "1.1.2"
  resolved "https://ab-inbev.pkgs.visualstudio.com/GHQ_B2B_Delta/_packaging/nfa-services/npm/registry/fastparse/-/fastparse-1.1.2.tgz#91728c5a5942eced8531283c79441ee4122c35a9"
  integrity sha1-kXKMWllC7O2FMSg8eUQe5BIsNak=

fastq@^1.6.0:
  version "1.13.0"
  resolved "https://ab-inbev.pkgs.visualstudio.com/GHQ_B2B_Delta/_packaging/nfa-services/npm/registry/fastq/-/fastq-1.13.0.tgz#616760f88a7526bdfc596b7cab8c18938c36b98c"
  integrity sha1-YWdg+Ip1Jr38WWt8q4wYk4w2uYw=
  dependencies:
    reusify "^1.0.4"

fill-range@^7.0.1:
  version "7.0.1"
  resolved "https://ab-inbev.pkgs.visualstudio.com/GHQ_B2B_Delta/_packaging/nfa-services/npm/registry/fill-range/-/fill-range-7.0.1.tgz#1919a6a7c75fe38b2c7c77e5198535da9acdda40"
  integrity sha1-GRmmp8df44ssfHflGYU12prN2kA=
  dependencies:
    to-regex-range "^5.0.1"

fraction.js@^4.2.0:
  version "4.2.0"
  resolved "https://ab-inbev.pkgs.visualstudio.com/GHQ_B2B_Delta/_packaging/nfa-services/npm/registry/fraction.js/-/fraction.js-4.2.0.tgz#448e5109a313a3527f5a3ab2119ec4cf0e0e2950"
  integrity sha1-RI5RCaMTo1J/WjqyEZ7Ezw4OKVA=

fsevents@~2.3.2:
  version "2.3.2"
  resolved "https://ab-inbev.pkgs.visualstudio.com/GHQ_B2B_Delta/_packaging/nfa-services/npm/registry/fsevents/-/fsevents-2.3.2.tgz#8a526f78b8fdf4623b709e0b975c52c24c02fd1a"
  integrity sha1-ilJveLj99GI7cJ4Ll1xSwkwC/Ro=

function-bind@^1.1.1:
  version "1.1.1"
  resolved "https://ab-inbev.pkgs.visualstudio.com/GHQ_B2B_Delta/_packaging/nfa-services/npm/registry/function-bind/-/function-bind-1.1.1.tgz#a56899d3ea3c9bab874bb9773b7c5ede92f4895d"
  integrity sha1-pWiZ0+o8m6uHS7l3O3xe3pL0iV0=

glob-parent@^5.1.2, glob-parent@~5.1.2:
  version "5.1.2"
  resolved "https://ab-inbev.pkgs.visualstudio.com/GHQ_B2B_Delta/_packaging/nfa-services/npm/registry/glob-parent/-/glob-parent-5.1.2.tgz#869832c58034fe68a4093c17dc15e8340d8401c4"
  integrity sha1-hpgyxYA0/mikCTwX3BXoNA2EAcQ=
  dependencies:
    is-glob "^4.0.1"

glob-parent@^6.0.2:
  version "6.0.2"
  resolved "https://ab-inbev.pkgs.visualstudio.com/GHQ_B2B_Delta/_packaging/nfa-services/npm/registry/glob-parent/-/glob-parent-6.0.2.tgz#6d237d99083950c79290f24c7642a3de9a28f9e3"
  integrity sha1-bSN9mQg5UMeSkPJMdkKj3poo+eM=
  dependencies:
    is-glob "^4.0.3"

has@^1.0.3:
  version "1.0.3"
  resolved "https://ab-inbev.pkgs.visualstudio.com/GHQ_B2B_Delta/_packaging/nfa-services/npm/registry/has/-/has-1.0.3.tgz#722d7cbfc1f6aa8241f16dd814e011e1f41e8796"
  integrity sha1-ci18v8H2qoJB8W3YFOAR4fQeh5Y=
  dependencies:
    function-bind "^1.1.1"

is-arrayish@^0.3.1:
  version "0.3.2"
  resolved "https://ab-inbev.pkgs.visualstudio.com/GHQ_B2B_Delta/_packaging/nfa-services/npm/registry/is-arrayish/-/is-arrayish-0.3.2.tgz#4574a2ae56f7ab206896fb431eaeed066fdf8f03"
  integrity sha1-RXSirlb3qyBolvtDHq7tBm/fjwM=

is-binary-path@~2.1.0:
  version "2.1.0"
  resolved "https://ab-inbev.pkgs.visualstudio.com/GHQ_B2B_Delta/_packaging/nfa-services/npm/registry/is-binary-path/-/is-binary-path-2.1.0.tgz#ea1f7f3b80f064236e83470f86c09c254fb45b09"
  integrity sha1-6h9/O4DwZCNug0cPhsCcJU+0Wwk=
  dependencies:
    binary-extensions "^2.0.0"

is-core-module@^2.8.1:
  version "2.9.0"
  resolved "https://ab-inbev.pkgs.visualstudio.com/GHQ_B2B_Delta/_packaging/nfa-services/npm/registry/is-core-module/-/is-core-module-2.9.0.tgz#e1c34429cd51c6dd9e09e0799e396e27b19a9c69"
  integrity sha1-4cNEKc1Rxt2eCeB5njluJ7GanGk=
  dependencies:
    has "^1.0.3"

is-extglob@^2.1.1:
  version "2.1.1"
  resolved "https://ab-inbev.pkgs.visualstudio.com/GHQ_B2B_Delta/_packaging/nfa-services/npm/registry/is-extglob/-/is-extglob-2.1.1.tgz#a88c02535791f02ed37c76a1b9ea9773c833f8c2"
  integrity sha1-qIwCU1eR8C7TfHahueqXc8gz+MI=

is-glob@^4.0.1, is-glob@^4.0.3, is-glob@~4.0.1:
  version "4.0.3"
  resolved "https://ab-inbev.pkgs.visualstudio.com/GHQ_B2B_Delta/_packaging/nfa-services/npm/registry/is-glob/-/is-glob-4.0.3.tgz#64f61e42cbbb2eec2071a9dac0b28ba1e65d5084"
  integrity sha1-ZPYeQsu7LuwgcanawLKLoeZdUIQ=
  dependencies:
    is-extglob "^2.1.1"

is-number@^7.0.0:
  version "7.0.0"
  resolved "https://ab-inbev.pkgs.visualstudio.com/GHQ_B2B_Delta/_packaging/nfa-services/npm/registry/is-number/-/is-number-7.0.0.tgz#7535345b896734d5f80c4d06c50955527a14f12b"
  integrity sha1-dTU0W4lnNNX4DE0GxQlVUnoU8Ss=

"js-tokens@^3.0.0 || ^4.0.0":
  version "4.0.0"
  resolved "https://registry.yarnpkg.com/js-tokens/-/js-tokens-4.0.0.tgz#19203fb59991df98e3a287050d4647cdeaf32499"
  integrity sha512-RdJUflcE3cUzKiMqQgsCu06FPu9UdIJO0beYbPhHN4k6apgJtifcoCtT9bcxOpYBtpD2kCM6Sbzg4CausW/PKQ==

lilconfig@^2.0.5:
  version "2.0.5"
  resolved "https://ab-inbev.pkgs.visualstudio.com/GHQ_B2B_Delta/_packaging/nfa-services/npm/registry/lilconfig/-/lilconfig-2.0.5.tgz#19e57fd06ccc3848fd1891655b5a447092225b25"
  integrity sha1-GeV/0GzMOEj9GJFlW1pEcJIiWyU=

loose-envify@^1.1.0:
  version "1.4.0"
  resolved "https://registry.yarnpkg.com/loose-envify/-/loose-envify-1.4.0.tgz#71ee51fa7be4caec1a63839f7e682d8132d30caf"
  integrity sha512-lyuxPGr/Wfhrlem2CL/UcnUc1zcqKAImBDzukY7Y5F/yQiNdko6+fRLevlw1HgMySw7f611UIY408EtxRSoK3Q==
  dependencies:
    js-tokens "^3.0.0 || ^4.0.0"

merge2@^1.3.0:
  version "1.4.1"
  resolved "https://ab-inbev.pkgs.visualstudio.com/GHQ_B2B_Delta/_packaging/nfa-services/npm/registry/merge2/-/merge2-1.4.1.tgz#4368892f885e907455a6fd7dc55c0c9d404990ae"
  integrity sha1-Q2iJL4hekHRVpv19xVwMnUBJkK4=

micromatch@^4.0.4:
  version "4.0.5"
  resolved "https://ab-inbev.pkgs.visualstudio.com/GHQ_B2B_Delta/_packaging/nfa-services/npm/registry/micromatch/-/micromatch-4.0.5.tgz#bc8999a7cbbf77cdc89f132f6e467051b49090c6"
  integrity sha1-vImZp8u/d83InxMvbkZwUbSQkMY=
  dependencies:
    braces "^3.0.2"
    picomatch "^2.3.1"

minimist@^1.1.1:
  version "1.2.6"
  resolved "https://ab-inbev.pkgs.visualstudio.com/GHQ_B2B_Delta/_packaging/nfa-services/npm/registry/minimist/-/minimist-1.2.6.tgz#8637a5b759ea0d6e98702cfb3a9283323c93af44"
  integrity sha1-hjelt1nqDW6YcCz7OpKDMjyTr0Q=

nanoid@^3.1.30, nanoid@^3.3.1:
  version "3.3.3"
  resolved "https://registry.yarnpkg.com/nanoid/-/nanoid-3.3.3.tgz#fd8e8b7aa761fe807dba2d1b98fb7241bb724a25"
  integrity sha512-p1sjXuopFs0xg+fPASzQ28agW1oHD7xDsd9Xkf3T15H3c/cifrFHVwrh74PdoklAPi+i7MdRsE47vm2r6JoB+w==

next@12.1.5:
  version "12.1.5"
  resolved "https://registry.yarnpkg.com/next/-/next-12.1.5.tgz#7a07687579ddce61ee519493e1c178d83abac063"
  integrity sha512-YGHDpyfgCfnT5GZObsKepmRnne7Kzp7nGrac07dikhutWQug7hHg85/+sPJ4ZW5Q2pDkb+n0FnmLkmd44htIJQ==
  dependencies:
    "@next/env" "12.1.5"
    caniuse-lite "^1.0.30001283"
    postcss "8.4.5"
    styled-jsx "5.0.1"
  optionalDependencies:
    "@next/swc-android-arm-eabi" "12.1.5"
    "@next/swc-android-arm64" "12.1.5"
    "@next/swc-darwin-arm64" "12.1.5"
    "@next/swc-darwin-x64" "12.1.5"
    "@next/swc-linux-arm-gnueabihf" "12.1.5"
    "@next/swc-linux-arm64-gnu" "12.1.5"
    "@next/swc-linux-arm64-musl" "12.1.5"
    "@next/swc-linux-x64-gnu" "12.1.5"
    "@next/swc-linux-x64-musl" "12.1.5"
    "@next/swc-win32-arm64-msvc" "12.1.5"
    "@next/swc-win32-ia32-msvc" "12.1.5"
    "@next/swc-win32-x64-msvc" "12.1.5"

node-releases@^2.0.3:
  version "2.0.4"
  resolved "https://ab-inbev.pkgs.visualstudio.com/GHQ_B2B_Delta/_packaging/nfa-services/npm/registry/node-releases/-/node-releases-2.0.4.tgz#f38252370c43854dc48aa431c766c6c398f40476"
  integrity sha1-84JSNwxDhU3EiqQxx2bGw5j0BHY=

normalize-path@^3.0.0, normalize-path@~3.0.0:
  version "3.0.0"
  resolved "https://ab-inbev.pkgs.visualstudio.com/GHQ_B2B_Delta/_packaging/nfa-services/npm/registry/normalize-path/-/normalize-path-3.0.0.tgz#0dcd69ff23a1c9b11fd0978316644a0388216a65"
  integrity sha1-Dc1p/yOhybEf0JeDFmRKA4ghamU=

normalize-range@^0.1.2:
  version "0.1.2"
  resolved "https://ab-inbev.pkgs.visualstudio.com/GHQ_B2B_Delta/_packaging/nfa-services/npm/registry/normalize-range/-/normalize-range-0.1.2.tgz#2d10c06bdfd312ea9777695a4d28439456b75942"
  integrity sha1-LRDAa9/TEuqXd2laTShDlFa3WUI=

object-hash@^3.0.0:
  version "3.0.0"
  resolved "https://ab-inbev.pkgs.visualstudio.com/GHQ_B2B_Delta/_packaging/nfa-services/npm/registry/object-hash/-/object-hash-3.0.0.tgz#73f97f753e7baffc0e2cc9d6e079079744ac82e9"
  integrity sha1-c/l/dT57r/wOLMnW4HkHl0Ssguk=

path-parse@^1.0.7:
  version "1.0.7"
  resolved "https://ab-inbev.pkgs.visualstudio.com/GHQ_B2B_Delta/_packaging/nfa-services/npm/registry/path-parse/-/path-parse-1.0.7.tgz#fbc114b60ca42b30d9daf5858e4bd68bbedb6735"
  integrity sha1-+8EUtgykKzDZ2vWFjkvWi77bZzU=

picocolors@^1.0.0:
  version "1.0.0"
  resolved "https://registry.yarnpkg.com/picocolors/-/picocolors-1.0.0.tgz#cb5bdc74ff3f51892236eaf79d68bc44564ab81c"
  integrity sha512-1fygroTLlHu66zi26VoTDv8yRgm0Fccecssto+MhsZ0D/DGW2sm8E8AjW7NU5VVTRt5GxbeZ5qBuJr+HyLYkjQ==

picomatch@^2.0.4, picomatch@^2.2.1, picomatch@^2.3.1:
  version "2.3.1"
  resolved "https://ab-inbev.pkgs.visualstudio.com/GHQ_B2B_Delta/_packaging/nfa-services/npm/registry/picomatch/-/picomatch-2.3.1.tgz#3ba3833733646d9d3e4995946c1365a67fb07a42"
  integrity sha1-O6ODNzNkbZ0+SZWUbBNlpn+wekI=

postcss-js@^4.0.0:
  version "4.0.0"
  resolved "https://ab-inbev.pkgs.visualstudio.com/GHQ_B2B_Delta/_packaging/nfa-services/npm/registry/postcss-js/-/postcss-js-4.0.0.tgz#31db79889531b80dc7bc9b0ad283e418dce0ac00"
  integrity sha1-Mdt5iJUxuA3HvJsK0oPkGNzgrAA=
  dependencies:
    camelcase-css "^2.0.1"

postcss-load-config@^3.1.4:
  version "3.1.4"
  resolved "https://ab-inbev.pkgs.visualstudio.com/GHQ_B2B_Delta/_packaging/nfa-services/npm/registry/postcss-load-config/-/postcss-load-config-3.1.4.tgz#1ab2571faf84bb078877e1d07905eabe9ebda855"
  integrity sha1-GrJXH6+EuweId+HQeQXqvp69qFU=
  dependencies:
    lilconfig "^2.0.5"
    yaml "^1.10.2"

postcss-nested@5.0.6:
  version "5.0.6"
  resolved "https://ab-inbev.pkgs.visualstudio.com/GHQ_B2B_Delta/_packaging/nfa-services/npm/registry/postcss-nested/-/postcss-nested-5.0.6.tgz#466343f7fc8d3d46af3e7dba3fcd47d052a945bc"
  integrity sha1-RmND9/yNPUavPn26P81H0FKpRbw=
  dependencies:
    postcss-selector-parser "^6.0.6"

postcss-selector-parser@^6.0.10, postcss-selector-parser@^6.0.6:
  version "6.0.10"
  resolved "https://ab-inbev.pkgs.visualstudio.com/GHQ_B2B_Delta/_packaging/nfa-services/npm/registry/postcss-selector-parser/-/postcss-selector-parser-6.0.10.tgz#79b61e2c0d1bfc2602d549e11d0876256f8df88d"
  integrity sha1-ebYeLA0b/CYC1UnhHQh2JW+N+I0=
  dependencies:
    cssesc "^3.0.0"
    util-deprecate "^1.0.2"

postcss-value-parser@^4.2.0:
  version "4.2.0"
  resolved "https://ab-inbev.pkgs.visualstudio.com/GHQ_B2B_Delta/_packaging/nfa-services/npm/registry/postcss-value-parser/-/postcss-value-parser-4.2.0.tgz#723c09920836ba6d3e5af019f92bc0971c02e514"
  integrity sha1-cjwJkgg2um0+WvAZ+SvAlxwC5RQ=

postcss@8.4.5:
  version "8.4.5"
  resolved "https://registry.yarnpkg.com/postcss/-/postcss-8.4.5.tgz#bae665764dfd4c6fcc24dc0fdf7e7aa00cc77f95"
  integrity sha512-jBDboWM8qpaqwkMwItqTQTiFikhs/67OYVvblFFTM7MrZjt6yMKd6r2kgXizEbTTljacm4NldIlZnhbjr84QYg==
  dependencies:
    nanoid "^3.1.30"
    picocolors "^1.0.0"
    source-map-js "^1.0.1"

postcss@^8.4.12:
  version "8.4.12"
  resolved "https://ab-inbev.pkgs.visualstudio.com/GHQ_B2B_Delta/_packaging/nfa-services/npm/registry/postcss/-/postcss-8.4.12.tgz#1e7de78733b28970fa4743f7da6f3763648b1905"
  integrity sha1-Hn3nhzOyiXD6R0P32m83Y2SLGQU=
  dependencies:
    nanoid "^3.3.1"
    picocolors "^1.0.0"
    source-map-js "^1.0.2"

prettier@^2.6.2:
  version "2.6.2"
  resolved "https://ab-inbev.pkgs.visualstudio.com/GHQ_B2B_Delta/_packaging/nfa-services/npm/registry/prettier/-/prettier-2.6.2.tgz#e26d71a18a74c3d0f0597f55f01fb6c06c206032"
  integrity sha1-4m1xoYp0w9DwWX9V8B+2wGwgYDI=

queue-microtask@^1.2.2:
  version "1.2.3"
  resolved "https://ab-inbev.pkgs.visualstudio.com/GHQ_B2B_Delta/_packaging/nfa-services/npm/registry/queue-microtask/-/queue-microtask-1.2.3.tgz#4929228bbc724dfac43e0efb058caf7b6cfb6243"
  integrity sha1-SSkii7xyTfrEPg77BYyve2z7YkM=

quick-lru@^5.1.1:
  version "5.1.1"
  resolved "https://ab-inbev.pkgs.visualstudio.com/GHQ_B2B_Delta/_packaging/nfa-services/npm/registry/quick-lru/-/quick-lru-5.1.1.tgz#366493e6b3e42a3a6885e2e99d18f80fb7a8c932"
  integrity sha1-NmST5rPkKjpoheLpnRj4D7eoyTI=

react-dom@18.1.0:
  version "18.1.0"
  resolved "https://registry.yarnpkg.com/react-dom/-/react-dom-18.1.0.tgz#7f6dd84b706408adde05e1df575b3a024d7e8a2f"
  integrity sha512-fU1Txz7Budmvamp7bshe4Zi32d0ll7ect+ccxNu9FlObT605GOEB8BfO4tmRJ39R5Zj831VCpvQ05QPBW5yb+w==
  dependencies:
    loose-envify "^1.1.0"
    scheduler "^0.22.0"

react@18.1.0:
  version "18.1.0"
  resolved "https://registry.yarnpkg.com/react/-/react-18.1.0.tgz#6f8620382decb17fdc5cc223a115e2adbf104890"
  integrity sha512-4oL8ivCz5ZEPyclFQXaNksK3adutVS8l2xzZU0cqEFrE9Sb7fC0EFK5uEk74wIreL1DERyjvsU915j1pcT2uEQ==
  dependencies:
    loose-envify "^1.1.0"

readdirp@~3.6.0:
  version "3.6.0"
  resolved "https://ab-inbev.pkgs.visualstudio.com/GHQ_B2B_Delta/_packaging/nfa-services/npm/registry/readdirp/-/readdirp-3.6.0.tgz#74a370bd857116e245b29cc97340cd431a02a6c7"
  integrity sha1-dKNwvYVxFuJFspzJc0DNQxoCpsc=
  dependencies:
    picomatch "^2.2.1"

resolve@^1.22.0:
  version "1.22.0"
  resolved "https://ab-inbev.pkgs.visualstudio.com/GHQ_B2B_Delta/_packaging/nfa-services/npm/registry/resolve/-/resolve-1.22.0.tgz#5e0b8c67c15df57a89bdbabe603a002f21731198"
  integrity sha1-XguMZ8Fd9XqJvbq+YDoALyFzEZg=
  dependencies:
    is-core-module "^2.8.1"
    path-parse "^1.0.7"
    supports-preserve-symlinks-flag "^1.0.0"

reusify@^1.0.4:
  version "1.0.4"
  resolved "https://ab-inbev.pkgs.visualstudio.com/GHQ_B2B_Delta/_packaging/nfa-services/npm/registry/reusify/-/reusify-1.0.4.tgz#90da382b1e126efc02146e90845a88db12925d76"
  integrity sha1-kNo4Kx4SbvwCFG6QhFqI2xKSXXY=

run-parallel@^1.1.9:
  version "1.2.0"
  resolved "https://ab-inbev.pkgs.visualstudio.com/GHQ_B2B_Delta/_packaging/nfa-services/npm/registry/run-parallel/-/run-parallel-1.2.0.tgz#66d1368da7bdf921eb9d95bd1a9229e7f21a43ee"
  integrity sha1-ZtE2jae9+SHrnZW9GpIp5/IaQ+4=
  dependencies:
    queue-microtask "^1.2.2"

scheduler@^0.22.0:
  version "0.22.0"
  resolved "https://registry.yarnpkg.com/scheduler/-/scheduler-0.22.0.tgz#83a5d63594edf074add9a7198b1bae76c3db01b8"
  integrity sha512-6QAm1BgQI88NPYymgGQLCZgvep4FyePDWFpXVK+zNSUgHwlqpJy8VEh8Et0KxTACS4VWwMousBElAZOH9nkkoQ==
  dependencies:
    loose-envify "^1.1.0"

simple-swizzle@^0.2.2:
  version "0.2.2"
  resolved "https://ab-inbev.pkgs.visualstudio.com/GHQ_B2B_Delta/_packaging/nfa-services/npm/registry/simple-swizzle/-/simple-swizzle-0.2.2.tgz#a4da6b635ffcccca33f70d17cb92592de95e557a"
  integrity sha1-pNprY1/8zMoz9w0Xy5JZLeleVXo=
  dependencies:
    is-arrayish "^0.3.1"

source-map-js@^1.0.1, source-map-js@^1.0.2:
  version "1.0.2"
  resolved "https://registry.yarnpkg.com/source-map-js/-/source-map-js-1.0.2.tgz#adbc361d9c62df380125e7f161f71c826f1e490c"
  integrity sha512-R0XvVJ9WusLiqTCEiGCmICCMplcCkIwwR11mOSD9CR5u+IXYdiseeEuXCVAjS54zqwkLcPNnmU4OeJ6tUrWhDw==

styled-jsx@5.0.1:
  version "5.0.1"
  resolved "https://registry.yarnpkg.com/styled-jsx/-/styled-jsx-5.0.1.tgz#78fecbbad2bf95ce6cd981a08918ce4696f5fc80"
  integrity sha512-+PIZ/6Uk40mphiQJJI1202b+/dYeTVd9ZnMPR80pgiWbjIwvN2zIp4r9et0BgqBuShh48I0gttPlAXA7WVvBxw==

supports-preserve-symlinks-flag@^1.0.0:
  version "1.0.0"
  resolved "https://ab-inbev.pkgs.visualstudio.com/GHQ_B2B_Delta/_packaging/nfa-services/npm/registry/supports-preserve-symlinks-flag/-/supports-preserve-symlinks-flag-1.0.0.tgz#6eda4bd344a3c94aea376d4cc31bc77311039e09"
  integrity sha1-btpL00SjyUrqN21MwxvHcxEDngk=

tailwindcss@^3.0, tailwindcss@^3.0.24:
  version "3.0.24"
  resolved "https://ab-inbev.pkgs.visualstudio.com/GHQ_B2B_Delta/_packaging/nfa-services/npm/registry/tailwindcss/-/tailwindcss-3.0.24.tgz#22e31e801a44a78a1d9a81ecc52e13b69d85704d"
  integrity sha1-IuMegBpEp4odmoHsxS4Ttp2FcE0=
  dependencies:
    arg "^5.0.1"
    chokidar "^3.5.3"
    color-name "^1.1.4"
    detective "^5.2.0"
    didyoumean "^1.2.2"
    dlv "^1.1.3"
    fast-glob "^3.2.11"
    glob-parent "^6.0.2"
    is-glob "^4.0.3"
    lilconfig "^2.0.5"
    normalize-path "^3.0.0"
    object-hash "^3.0.0"
    picocolors "^1.0.0"
    postcss "^8.4.12"
    postcss-js "^4.0.0"
    postcss-load-config "^3.1.4"
    postcss-nested "5.0.6"
    postcss-selector-parser "^6.0.10"
    postcss-value-parser "^4.2.0"
    quick-lru "^5.1.1"
    resolve "^1.22.0"

to-regex-range@^5.0.1:
  version "5.0.1"
  resolved "https://ab-inbev.pkgs.visualstudio.com/GHQ_B2B_Delta/_packaging/nfa-services/npm/registry/to-regex-range/-/to-regex-range-5.0.1.tgz#1648c44aae7c8d988a326018ed72f5b4dd0392e4"
  integrity sha1-FkjESq58jZiKMmAY7XL1tN0DkuQ=
  dependencies:
    is-number "^7.0.0"

typescript@^4.6.3:
  version "4.6.3"
  resolved "https://ab-inbev.pkgs.visualstudio.com/GHQ_B2B_Delta/_packaging/nfa-services/npm/registry/typescript/-/typescript-4.6.3.tgz#eefeafa6afdd31d725584c67a0eaba80f6fc6c6c"
  integrity sha1-7v6vpq/dMdclWExnoOq6gPb8bGw=

util-deprecate@^1.0.2:
  version "1.0.2"
  resolved "https://ab-inbev.pkgs.visualstudio.com/GHQ_B2B_Delta/_packaging/nfa-services/npm/registry/util-deprecate/-/util-deprecate-1.0.2.tgz#450d4dc9fa70de732762fbd2d4a28981419a0ccf"
  integrity sha1-RQ1Nyfpw3nMnYvvS1KKJgUGaDM8=

xtend@^4.0.2:
  version "4.0.2"
  resolved "https://ab-inbev.pkgs.visualstudio.com/GHQ_B2B_Delta/_packaging/nfa-services/npm/registry/xtend/-/xtend-4.0.2.tgz#bb72779f5fa465186b1f438f674fa347fdb5db54"
  integrity sha1-u3J3n1+kZRhrH0OPZ0+jR/2121Q=

yaml@^1.10.2:
  version "1.10.2"
  resolved "https://ab-inbev.pkgs.visualstudio.com/GHQ_B2B_Delta/_packaging/nfa-services/npm/registry/yaml/-/yaml-1.10.2.tgz#2301c5ffbf12b467de8da2333a459e29e7920e4b"
  integrity sha1-IwHF/78StGfejaIzOkWeKeeSDks=
